{
  "version": 4,
  "terraform_version": "1.5.6",
  "serial": 23,
  "lineage": "fa5fa05c-e63c-d3f7-487f-17e05dcd2e91",
  "outputs": {},
  "resources": [
    {
      "mode": "managed",
      "type": "vault_auth_backend",
      "name": "aws",
      "provider": "provider[\"registry.terraform.io/hashicorp/vault\"]",
      "instances": [
        {
          "schema_version": 1,
          "attributes": {
            "accessor": "auth_aws_1c3460bc",
            "default_lease_ttl_seconds": 0,
            "description": "",
            "id": "aws",
            "listing_visibility": "",
            "local": false,
            "max_lease_ttl_seconds": 0,
            "path": "aws",
            "tune": [],
            "type": "aws"
          },
          "sensitive_attributes": [],
          "private": "eyJzY2hlbWFfdmVyc2lvbiI6IjEifQ=="
        }
      ]
    },
    {
      "mode": "managed",
      "type": "vault_aws_secret_backend",
      "name": "aws",
      "provider": "provider[\"registry.terraform.io/hashicorp/vault\"]",
      "instances": [
        {
          "schema_version": 0,
          "attributes": {
            "access_key": "AKIAZI42L65TMSNSTEXJ",
            "default_lease_ttl_seconds": 120,
            "description": "",
            "id": "aws",
            "max_lease_ttl_seconds": 3600,
            "path": "aws",
            "region": "us-east-1",
            "secret_key": "B9dy2fAc7F7LH8ASh5bwS9m21lL/gQhCSDrzzboq"
          },
          "sensitive_attributes": [],
          "private": "bnVsbA=="
        }
      ]
    },
    {
      "mode": "managed",
      "type": "vault_aws_secret_backend_role",
      "name": "ec2-admin",
      "provider": "provider[\"registry.terraform.io/hashicorp/vault\"]",
      "instances": [
        {
          "schema_version": 0,
          "attributes": {
            "backend": "aws",
            "credential_type": "iam_user",
            "default_sts_ttl": 0,
            "id": "aws/roles/ec2-admin-role",
            "max_sts_ttl": 0,
            "name": "ec2-admin-role",
            "policy": null,
            "policy_arn": null,
            "policy_arns": [],
            "policy_document": "{\"Version\":\"2012-10-17\",\"Statement\":[{\"Effect\":\"Allow\",\"Action\":[\"iam:*\",\"ec2:*\"],\"Resource\":\"*\"}]}",
            "role_arns": []
          },
          "sensitive_attributes": [],
          "private": "bnVsbA==",
          "dependencies": [
            "vault_aws_secret_backend.aws"
          ]
        }
      ]
    }
  ],
  "check_results": null
}
